
Microsoft Visual Studio Solution File, Format Version 12.00
# Visual Studio 15
VisualStudioVersion = 15.0.26228.9
MinimumVisualStudioVersion = 10.0.40219.1
Project("{9A19103F-16F7-4668-BE54-9A1E7A4F7556}") = "gitdoko", "src\gitdoko\gitdoko.csproj", "{3660D3F5-8805-471C-94C9-5B94A8EE0E3F}"
EndProject
Global
	GlobalSection(SolutionConfigurationPlatforms) = preSolution
		Debug|Any CPU = Debug|Any CPU
		Release|Any CPU = Release|Any CPU
	EndGlobalSection
	GlobalSection(ProjectConfigurationPlatforms) = postSolution
		{3660D3F5-8805-471C-94C9-5B94A8EE0E3F}.Debug|Any CPU.ActiveCfg = Debug|Any CPU
		{3660D3F5-8805-471C-94C9-5B94A8EE0E3F}.Debug|Any CPU.Build.0 = Debug|Any CPU
		{3660D3F5-8805-471C-94C9-5B94A8EE0E3F}.Release|Any CPU.ActiveCfg = Release|Any CPU
		{3660D3F5-8805-471C-94C9-5B94A8EE0E3F}.Release|Any CPU.Build.0 = Release|Any CPU
	EndGlobalSection
	GlobalSection(SolutionProperties) = preSolution
		HideSolutionNode = FALSE
	EndGlobalSection
EndGlobal
